
Microsoft Visual Studio Solution File, Format Version 12.00
# Visual Studio Version 17
VisualStudioVersion = 17.3.32825.248
MinimumVisualStudioVersion = 10.0.40219.1
Project("{FAE04EC0-301F-11D3-BF4B-00C04F79EFBC}") = "Agenda", "Agenda\Agenda.csproj", "{03C92F3A-EDD5-478C-BD57-0A9FE8677896}"
EndProject
Project("{FAE04EC0-301F-11D3-BF4B-00C04F79EFBC}") = "Agenda.API", "Agenda.API\Agenda.API.csproj", "{E3A77131-8045-409D-916E-C6B089148F69}"
EndProject
Project("{FAE04EC0-301F-11D3-BF4B-00C04F79EFBC}") = "Agenda.Services", "Agenda.Services\Agenda.Services.csproj", "{38352BED-C347-44DC-930B-C03EC2EFC66E}"
EndProject
Project("{FAE04EC0-301F-11D3-BF4B-00C04F79EFBC}") = "Agenda.Infra", "Agenda.Infra\Agenda.Infra.csproj", "{75B438B6-2518-45CE-9F98-0A99715A05F5}"
EndProject
Project("{FAE04EC0-301F-11D3-BF4B-00C04F79EFBC}") = "Agenda.Security", "Agenda.Security\Agenda.Security.csproj", "{E0F8ECCD-260F-4412-BCFA-91F3C8231052}"
EndProject
Global
	GlobalSection(SolutionConfigurationPlatforms) = preSolution
		Debug|Any CPU = Debug|Any CPU
		Release|Any CPU = Release|Any CPU
	EndGlobalSection
	GlobalSection(ProjectConfigurationPlatforms) = postSolution
		{03C92F3A-EDD5-478C-BD57-0A9FE8677896}.Debug|Any CPU.ActiveCfg = Debug|Any CPU
		{03C92F3A-EDD5-478C-BD57-0A9FE8677896}.Debug|Any CPU.Build.0 = Debug|Any CPU
		{03C92F3A-EDD5-478C-BD57-0A9FE8677896}.Release|Any CPU.ActiveCfg = Release|Any CPU
		{03C92F3A-EDD5-478C-BD57-0A9FE8677896}.Release|Any CPU.Build.0 = Release|Any CPU
		{E3A77131-8045-409D-916E-C6B089148F69}.Debug|Any CPU.ActiveCfg = Debug|Any CPU
		{E3A77131-8045-409D-916E-C6B089148F69}.Debug|Any CPU.Build.0 = Debug|Any CPU
		{E3A77131-8045-409D-916E-C6B089148F69}.Release|Any CPU.ActiveCfg = Release|Any CPU
		{E3A77131-8045-409D-916E-C6B089148F69}.Release|Any CPU.Build.0 = Release|Any CPU
		{38352BED-C347-44DC-930B-C03EC2EFC66E}.Debug|Any CPU.ActiveCfg = Debug|Any CPU
		{38352BED-C347-44DC-930B-C03EC2EFC66E}.Debug|Any CPU.Build.0 = Debug|Any CPU
		{38352BED-C347-44DC-930B-C03EC2EFC66E}.Release|Any CPU.ActiveCfg = Release|Any CPU
		{38352BED-C347-44DC-930B-C03EC2EFC66E}.Release|Any CPU.Build.0 = Release|Any CPU
		{75B438B6-2518-45CE-9F98-0A99715A05F5}.Debug|Any CPU.ActiveCfg = Debug|Any CPU
		{75B438B6-2518-45CE-9F98-0A99715A05F5}.Debug|Any CPU.Build.0 = Debug|Any CPU
		{75B438B6-2518-45CE-9F98-0A99715A05F5}.Release|Any CPU.ActiveCfg = Release|Any CPU
		{75B438B6-2518-45CE-9F98-0A99715A05F5}.Release|Any CPU.Build.0 = Release|Any CPU
		{E0F8ECCD-260F-4412-BCFA-91F3C8231052}.Debug|Any CPU.ActiveCfg = Debug|Any CPU
		{E0F8ECCD-260F-4412-BCFA-91F3C8231052}.Debug|Any CPU.Build.0 = Debug|Any CPU
		{E0F8ECCD-260F-4412-BCFA-91F3C8231052}.Release|Any CPU.ActiveCfg = Release|Any CPU
		{E0F8ECCD-260F-4412-BCFA-91F3C8231052}.Release|Any CPU.Build.0 = Release|Any CPU
	EndGlobalSection
	GlobalSection(SolutionProperties) = preSolution
		HideSolutionNode = FALSE
	EndGlobalSection
	GlobalSection(ExtensibilityGlobals) = postSolution
		SolutionGuid = {E42A50A0-5588-4B8A-97FC-65E5351D1520}
	EndGlobalSection
EndGlobal
